{
  "name": "testcafe2",
  "version": "1.0.0",
  "lockfileVersion": 1,
  "requires": true,
  "dependencies": {
    "testcafe-reporter-html": {
      "version": "1.4.6",
      "resolved": "https://registry.npmjs.org/testcafe-reporter-html/-/testcafe-reporter-html-1.4.6.tgz",
      "integrity": "sha512-P3JNxLnl0UaL5hc3Cn4LYYioHgASF5PNTOS34Ym7ClOIU4CnPAe+JruruNvLA3Jf5ZHSd+ix57xAci/Y7mEDmw=="
    },
    "typescript": {
      "version": "3.9.7",
      "resolved": "https://registry.npmjs.org/typescript/-/typescript-3.9.7.tgz",
      "integrity": "sha512-BLbiRkiBzAwsjut4x/dsibSTB6yWpwT5qWmC2OfuCg3GgVQCSgMs4vEctYPhsaGtd0AeuuHMkjZ2h2WG8MSzRw==",
      "dev": true
    }
  }
}
